{
  "name": "svelte-adapter-static-digitalocean",
  "version": "0.0.1",
  "lockfileVersion": 2,
  "requires": true,
  "packages": {
    "": {
      "version": "0.0.1",
      "license": "ISC",
      "dependencies": {
        "@sveltejs/adapter-static": "1.0.0-next.29",
        "yaml": "^1.10.2"
      }
    },
    "node_modules/@sveltejs/adapter-static": {
      "version": "1.0.0-next.29",
      "resolved": "https://registry.npmjs.org/@sveltejs/adapter-static/-/adapter-static-1.0.0-next.29.tgz",
      "integrity": "sha512-0hjGnfT3BRyoHnzJ2w0/xL+xICRpKneDTm45ZzggiRrc0r71WJfF6toGeg8N4QUQnj8EJ3Itm453gsS1kt7VUQ==",
      "dependencies": {
        "tiny-glob": "^0.2.9"
      }
    },
    "node_modules/globalyzer": {
      "version": "0.1.0",
      "resolved": "https://registry.npmjs.org/globalyzer/-/globalyzer-0.1.0.tgz",
      "integrity": "sha512-40oNTM9UfG6aBmuKxk/giHn5nQ8RVz/SS4Ir6zgzOv9/qC3kKZ9v4etGTcJbEl/NyVQH7FGU7d+X1egr57Md2Q=="
    },
    "node_modules/globrex": {
      "version": "0.1.2",
      "resolved": "https://registry.npmjs.org/globrex/-/globrex-0.1.2.tgz",
      "integrity": "sha512-uHJgbwAMwNFf5mLst7IWLNg14x1CkeqglJb/K3doi4dw6q2IvAAmM/Y81kevy83wP+Sst+nutFTYOGg3d1lsxg=="
    },
    "node_modules/tiny-glob": {
      "version": "0.2.9",
      "resolved": "https://registry.npmjs.org/tiny-glob/-/tiny-glob-0.2.9.tgz",
      "integrity": "sha512-g/55ssRPUjShh+xkfx9UPDXqhckHEsHr4Vd9zX55oSdGZc/MD0m3sferOkwWtp98bv+kcVfEHtRJgBVJzelrzg==",
      "dependencies": {
        "globalyzer": "0.1.0",
        "globrex": "^0.1.2"
      }
    },
    "node_modules/yaml": {
      "version": "1.10.2",
      "resolved": "https://registry.npmjs.org/yaml/-/yaml-1.10.2.tgz",
      "integrity": "sha512-r3vXyErRCYJ7wg28yvBY5VSoAF8ZvlcW9/BwUzEtUsjvX/DKs24dIkuwjtuprwJJHsbyUbLApepYTR1BN4uHrg==",
      "engines": {
        "node": ">= 6"
      }
    }
  },
  "dependencies": {
    "@sveltejs/adapter-static": {
      "version": "1.0.0-next.29",
      "resolved": "https://registry.npmjs.org/@sveltejs/adapter-static/-/adapter-static-1.0.0-next.29.tgz",
      "integrity": "sha512-0hjGnfT3BRyoHnzJ2w0/xL+xICRpKneDTm45ZzggiRrc0r71WJfF6toGeg8N4QUQnj8EJ3Itm453gsS1kt7VUQ==",
      "requires": {
        "tiny-glob": "^0.2.9"
      }
    },
    "globalyzer": {
      "version": "0.1.0",
      "resolved": "https://registry.npmjs.org/globalyzer/-/globalyzer-0.1.0.tgz",
      "integrity": "sha512-40oNTM9UfG6aBmuKxk/giHn5nQ8RVz/SS4Ir6zgzOv9/qC3kKZ9v4etGTcJbEl/NyVQH7FGU7d+X1egr57Md2Q=="
    },
    "globrex": {
      "version": "0.1.2",
      "resolved": "https://registry.npmjs.org/globrex/-/globrex-0.1.2.tgz",
      "integrity": "sha512-uHJgbwAMwNFf5mLst7IWLNg14x1CkeqglJb/K3doi4dw6q2IvAAmM/Y81kevy83wP+Sst+nutFTYOGg3d1lsxg=="
    },
    "tiny-glob": {
      "version": "0.2.9",
      "resolved": "https://registry.npmjs.org/tiny-glob/-/tiny-glob-0.2.9.tgz",
      "integrity": "sha512-g/55ssRPUjShh+xkfx9UPDXqhckHEsHr4Vd9zX55oSdGZc/MD0m3sferOkwWtp98bv+kcVfEHtRJgBVJzelrzg==",
      "requires": {
        "globalyzer": "0.1.0",
        "globrex": "^0.1.2"
      }
    },
    "yaml": {
      "version": "1.10.2",
      "resolved": "https://registry.npmjs.org/yaml/-/yaml-1.10.2.tgz",
      "integrity": "sha512-r3vXyErRCYJ7wg28yvBY5VSoAF8ZvlcW9/BwUzEtUsjvX/DKs24dIkuwjtuprwJJHsbyUbLApepYTR1BN4uHrg=="
    }
  }
}
