{
    "name": "svelte-adapter-static-digitalocean",
    "version": "0.0.5",
    "lockfileVersion": 2,
    "requires": true,
    "packages": {
        "": {
            "name": "svelte-adapter-static-digitalocean",
            "version": "0.0.5",
            "license": "ISC",
            "dependencies": {
                "@sveltejs/adapter-static": "1.0.0-next.33",
                "yaml": "^2.1.1"
            }
        },
        "node_modules/@sveltejs/adapter-static": {
            "version": "1.0.0-next.33",
            "resolved": "https://registry.npmjs.org/@sveltejs/adapter-static/-/adapter-static-1.0.0-next.33.tgz",
            "integrity": "sha512-RkGiOMJ87+mQgFuSjwYMfSEpj+ql7SVxxHPO4Tt0PBF0/Hz1me1uPLx7A4fjtBho7tjf5K/clLLHRbnyZQsiLQ==",
            "dependencies": {
                "tiny-glob": "^0.2.9"
            }
        },
        "node_modules/globalyzer": {
            "version": "0.1.0",
            "resolved": "https://registry.npmjs.org/globalyzer/-/globalyzer-0.1.0.tgz",
            "integrity": "sha512-40oNTM9UfG6aBmuKxk/giHn5nQ8RVz/SS4Ir6zgzOv9/qC3kKZ9v4etGTcJbEl/NyVQH7FGU7d+X1egr57Md2Q=="
        },
        "node_modules/globrex": {
            "version": "0.1.2",
            "resolved": "https://registry.npmjs.org/globrex/-/globrex-0.1.2.tgz",
            "integrity": "sha512-uHJgbwAMwNFf5mLst7IWLNg14x1CkeqglJb/K3doi4dw6q2IvAAmM/Y81kevy83wP+Sst+nutFTYOGg3d1lsxg=="
        },
        "node_modules/tiny-glob": {
            "version": "0.2.9",
            "resolved": "https://registry.npmjs.org/tiny-glob/-/tiny-glob-0.2.9.tgz",
            "integrity": "sha512-g/55ssRPUjShh+xkfx9UPDXqhckHEsHr4Vd9zX55oSdGZc/MD0m3sferOkwWtp98bv+kcVfEHtRJgBVJzelrzg==",
            "dependencies": {
                "globalyzer": "0.1.0",
                "globrex": "^0.1.2"
            }
        },
        "node_modules/yaml": {
            "version": "2.1.1",
            "resolved": "https://registry.npmjs.org/yaml/-/yaml-2.1.1.tgz",
            "integrity": "sha512-o96x3OPo8GjWeSLF+wOAbrPfhFOGY0W00GNaxCDv+9hkcDJEnev1yh8S7pgHF0ik6zc8sQLuL8hjHjJULZp8bw==",
            "engines": {
                "node": ">= 14"
            }
        }
    },
    "dependencies": {
        "@sveltejs/adapter-static": {
            "version": "1.0.0-next.33",
            "resolved": "https://registry.npmjs.org/@sveltejs/adapter-static/-/adapter-static-1.0.0-next.33.tgz",
            "integrity": "sha512-RkGiOMJ87+mQgFuSjwYMfSEpj+ql7SVxxHPO4Tt0PBF0/Hz1me1uPLx7A4fjtBho7tjf5K/clLLHRbnyZQsiLQ==",
            "requires": {
                "tiny-glob": "^0.2.9"
            }
        },
        "globalyzer": {
            "version": "0.1.0",
            "resolved": "https://registry.npmjs.org/globalyzer/-/globalyzer-0.1.0.tgz",
            "integrity": "sha512-40oNTM9UfG6aBmuKxk/giHn5nQ8RVz/SS4Ir6zgzOv9/qC3kKZ9v4etGTcJbEl/NyVQH7FGU7d+X1egr57Md2Q=="
        },
        "globrex": {
            "version": "0.1.2",
            "resolved": "https://registry.npmjs.org/globrex/-/globrex-0.1.2.tgz",
            "integrity": "sha512-uHJgbwAMwNFf5mLst7IWLNg14x1CkeqglJb/K3doi4dw6q2IvAAmM/Y81kevy83wP+Sst+nutFTYOGg3d1lsxg=="
        },
        "tiny-glob": {
            "version": "0.2.9",
            "resolved": "https://registry.npmjs.org/tiny-glob/-/tiny-glob-0.2.9.tgz",
            "integrity": "sha512-g/55ssRPUjShh+xkfx9UPDXqhckHEsHr4Vd9zX55oSdGZc/MD0m3sferOkwWtp98bv+kcVfEHtRJgBVJzelrzg==",
            "requires": {
                "globalyzer": "0.1.0",
                "globrex": "^0.1.2"
            }
        },
        "yaml": {
            "version": "2.1.1",
            "resolved": "https://registry.npmjs.org/yaml/-/yaml-2.1.1.tgz",
            "integrity": "sha512-o96x3OPo8GjWeSLF+wOAbrPfhFOGY0W00GNaxCDv+9hkcDJEnev1yh8S7pgHF0ik6zc8sQLuL8hjHjJULZp8bw=="
        }
    }
}
