{
    "name": "svelte-adapter-static-digitalocean",
    "version": "0.0.10",
    "lockfileVersion": 2,
    "requires": true,
    "packages": {
        "": {
            "name": "svelte-adapter-static-digitalocean",
            "version": "0.0.10",
            "license": "ISC",
            "dependencies": {
                "@sveltejs/adapter-static": "1.0.0-next.41",
                "yaml": "^2.1.1"
            }
        },
        "node_modules/@sveltejs/adapter-static": {
            "version": "1.0.0-next.41",
            "resolved": "https://registry.npmjs.org/@sveltejs/adapter-static/-/adapter-static-1.0.0-next.41.tgz",
            "integrity": "sha512-Bw6MfEuzuqjKZuVCG7ZHXiOIy/LDoRVR278eeAf4kcwl1B8+YEvChqdCvG2N5Ur+rxUIHstPgeX39HezS8d+mw=="
        },
        "node_modules/yaml": {
            "version": "2.1.1",
            "resolved": "https://registry.npmjs.org/yaml/-/yaml-2.1.1.tgz",
            "integrity": "sha512-o96x3OPo8GjWeSLF+wOAbrPfhFOGY0W00GNaxCDv+9hkcDJEnev1yh8S7pgHF0ik6zc8sQLuL8hjHjJULZp8bw==",
            "engines": {
                "node": ">= 14"
            }
        }
    },
    "dependencies": {
        "@sveltejs/adapter-static": {
            "version": "1.0.0-next.41",
            "resolved": "https://registry.npmjs.org/@sveltejs/adapter-static/-/adapter-static-1.0.0-next.41.tgz",
            "integrity": "sha512-Bw6MfEuzuqjKZuVCG7ZHXiOIy/LDoRVR278eeAf4kcwl1B8+YEvChqdCvG2N5Ur+rxUIHstPgeX39HezS8d+mw=="
        },
        "yaml": {
            "version": "2.1.1",
            "resolved": "https://registry.npmjs.org/yaml/-/yaml-2.1.1.tgz",
            "integrity": "sha512-o96x3OPo8GjWeSLF+wOAbrPfhFOGY0W00GNaxCDv+9hkcDJEnev1yh8S7pgHF0ik6zc8sQLuL8hjHjJULZp8bw=="
        }
    }
}
